dependencies:
- name: sish-client
  repository: https://aqaurius6666.github.io/helm-charts
  version: 0.6.0
- name: mysql
  repository: https://charts.bitnami.com/bitnami
  version: 9.4.1
digest: sha256:6ae0aec4139fb85bd097c8248e13ea1b556b273b4b1d345322f65abec6e30b93
generated: "2022-11-04T16:08:12.292776+07:00"
